
Microsoft Visual Studio Solution File, Format Version 12.00
# Visual Studio Version 16
VisualStudioVersion = 16.0.31025.194
MinimumVisualStudioVersion = 10.0.40219.1
Project("{9A19103F-16F7-4668-BE54-9A1E7A4F7556}") = "FE-Hot-Diggety-Dog", "FE-Hot-Diggety-Dog.csproj", "{FACB3BE8-076C-4817-BC0F-CEE158B4209E}"
EndProject
Global
	GlobalSection(SolutionConfigurationPlatforms) = preSolution
		Debug|Any CPU = Debug|Any CPU
		Release|Any CPU = Release|Any CPU
	EndGlobalSection
	GlobalSection(ProjectConfigurationPlatforms) = postSolution
		{FACB3BE8-076C-4817-BC0F-CEE158B4209E}.Debug|Any CPU.ActiveCfg = Debug|Any CPU
		{FACB3BE8-076C-4817-BC0F-CEE158B4209E}.Debug|Any CPU.Build.0 = Debug|Any CPU
		{FACB3BE8-076C-4817-BC0F-CEE158B4209E}.Release|Any CPU.ActiveCfg = Release|Any CPU
		{FACB3BE8-076C-4817-BC0F-CEE158B4209E}.Release|Any CPU.Build.0 = Release|Any CPU
	EndGlobalSection
	GlobalSection(SolutionProperties) = preSolution
		HideSolutionNode = FALSE
	EndGlobalSection
	GlobalSection(ExtensibilityGlobals) = postSolution
		SolutionGuid = {A6DCDA18-8466-49A8-B89F-A3F9D26E8D5A}
	EndGlobalSection
EndGlobal
